# THIS IS AN AUTOGENERATED FILE. DO NOT EDIT THIS FILE DIRECTLY.
# yarn lockfile v1


"@vuepress/plugin-active-header-links@^1.0.0-alpha.20":
  version "1.0.0-alpha.20"
  resolved "https://registry.yarnpkg.com/@vuepress/plugin-active-header-links/-/plugin-active-header-links-1.0.0-alpha.20.tgz#b780f783afa14a1f2d3ebf2340dd77857967fa40"
  dependencies:
    lodash.throttle "^4.1.1"

lodash.throttle@^4.1.1:
  version "4.1.1"
  resolved "https://registry.yarnpkg.com/lodash.throttle/-/lodash.throttle-4.1.1.tgz#c23e91b710242ac70c37f1e1cda9274cc39bf2f4"

lodash@^4.17.11:
  version "4.17.11"
  resolved "https://registry.yarnpkg.com/lodash/-/lodash-4.17.11.tgz#b39ea6229ef607ecd89e2c8df12536891cac9b8d"
